// !$*UTF8*$!
{
	archiveVersion = 1;
	classes = {
	};
	objectVersion = 50;
	objects = {

/* Begin PBXBuildFile section */
		7D7DE7AB243C57F400717905 /* AppDelegate.swift in Sources */ = {isa = PBXBuildFile; fileRef = 7D7DE7AA243C57F400717905 /* AppDelegate.swift */; };
		7D7DE7AD243C57F400717905 /* SceneDelegate.swift in Sources */ = {isa = PBXBuildFile; fileRef = 7D7DE7AC243C57F400717905 /* SceneDelegate.swift */; };
		7D7DE7AF243C57F400717905 /* ViewController.swift in Sources */ = {isa = PBXBuildFile; fileRef = 7D7DE7AE243C57F400717905 /* ViewController.swift */; };
		7D7DE7B2243C57F400717905 /* Main.storyboard in Resources */ = {isa = PBXBuildFile; fileRef = 7D7DE7B0243C57F400717905 /* Main.storyboard */; };
		7D7DE7B4243C57F500717905 /* Assets.xcassets in Resources */ = {isa = PBXBuildFile; fileRef = 7D7DE7B3243C57F500717905 /* Assets.xcassets */; };
		7D7DE7B7243C57F500717905 /* LaunchScreen.storyboard in Resources */ = {isa = PBXBuildFile; fileRef = 7D7DE7B5243C57F500717905 /* LaunchScreen.storyboard */; };
		7D7DE7C2243C57F500717905 /* Music_DiagnosisTests.swift in Sources */ = {isa = PBXBuildFile; fileRef = 7D7DE7C1243C57F500717905 /* Music_DiagnosisTests.swift */; };
		7D7DE7CD243C57F500717905 /* Music_DiagnosisUITests.swift in Sources */ = {isa = PBXBuildFile; fileRef = 7D7DE7CC243C57F500717905 /* Music_DiagnosisUITests.swift */; };
		7D7DE7DC243C5B5200717905 /* start.csv in Resources */ = {isa = PBXBuildFile; fileRef = 7D7DE7DB243C5B5200717905 /* start.csv */; };
		7D7DE7DE243C5E1800717905 /* ShindanViewController.swift in Sources */ = {isa = PBXBuildFile; fileRef = 7D7DE7DD243C5E1800717905 /* ShindanViewController.swift */; };
		7D7DE7E0243C5F9900717905 /* shindan.csv in Resources */ = {isa = PBXBuildFile; fileRef = 7D7DE7DF243C5F9900717905 /* shindan.csv */; };
		7D7DE7E2243C654100717905 /* ResultViewController.swift in Sources */ = {isa = PBXBuildFile; fileRef = 7D7DE7E1243C654100717905 /* ResultViewController.swift */; };
		7D7DE7E4243C6A2D00717905 /* result.csv in Resources */ = {isa = PBXBuildFile; fileRef = 7D7DE7E3243C6A2D00717905 /* result.csv */; };
/* End PBXBuildFile section */

/* Begin PBXContainerItemProxy section */
		7D7DE7BE243C57F500717905 /* PBXContainerItemProxy */ = {
			isa = PBXContainerItemProxy;
			containerPortal = 7D7DE79F243C57F400717905 /* Project object */;
			proxyType = 1;
			remoteGlobalIDString = 7D7DE7A6243C57F400717905;
			remoteInfo = Music_Diagnosis;
		};
		7D7DE7C9243C57F500717905 /* PBXContainerItemProxy */ = {
			isa = PBXContainerItemProxy;
			containerPortal = 7D7DE79F243C57F400717905 /* Project object */;
			proxyType = 1;
			remoteGlobalIDString = 7D7DE7A6243C57F400717905;
			remoteInfo = Music_Diagnosis;
		};
/* End PBXContainerItemProxy section */

/* Begin PBXFileReference section */
		7D7DE7A7243C57F400717905 /* Music_Diagnosis.app */ = {isa = PBXFileReference; explicitFileType = wrapper.application; includeInIndex = 0; path = Music_Diagnosis.app; sourceTree = BUILT_PRODUCTS_DIR; };
		7D7DE7AA243C57F400717905 /* AppDelegate.swift */ = {isa = PBXFileReference; lastKnownFileType = sourcecode.swift; path = AppDelegate.swift; sourceTree = "<group>"; };
		7D7DE7AC243C57F400717905 /* SceneDelegate.swift */ = {isa = PBXFileReference; lastKnownFileType = sourcecode.swift; path = SceneDelegate.swift; sourceTree = "<group>"; };
		7D7DE7AE243C57F400717905 /* ViewController.swift */ = {isa = PBXFileReference; lastKnownFileType = sourcecode.swift; path = ViewController.swift; sourceTree = "<group>"; };
		7D7DE7B1243C57F400717905 /* Base */ = {isa = PBXFileReference; lastKnownFileType = file.storyboard; name = Base; path = Base.lproj/Main.storyboard; sourceTree = "<group>"; };
		7D7DE7B3243C57F500717905 /* Assets.xcassets */ = {isa = PBXFileReference; lastKnownFileType = folder.assetcatalog; path = Assets.xcassets; sourceTree = "<group>"; };
		7D7DE7B6243C57F500717905 /* Base */ = {isa = PBXFileReference; lastKnownFileType = file.storyboard; name = Base; path = Base.lproj/LaunchScreen.storyboard; sourceTree = "<group>"; };
		7D7DE7B8243C57F500717905 /* Info.plist */ = {isa = PBXFileReference; lastKnownFileType = text.plist.xml; path = Info.plist; sourceTree = "<group>"; };
		7D7DE7BD243C57F500717905 /* Music_DiagnosisTests.xctest */ = {isa = PBXFileReference; explicitFileType = wrapper.cfbundle; includeInIndex = 0; path = Music_DiagnosisTests.xctest; sourceTree = BUILT_PRODUCTS_DIR; };
		7D7DE7C1243C57F500717905 /* Music_DiagnosisTests.swift */ = {isa = PBXFileReference; lastKnownFileType = sourcecode.swift; path = Music_DiagnosisTests.swift; sourceTree = "<group>"; };
		7D7DE7C3243C57F500717905 /* Info.plist */ = {isa = PBXFileReference; lastKnownFileType = text.plist.xml; path = Info.plist; sourceTree = "<group>"; };
		7D7DE7C8243C57F500717905 /* Music_DiagnosisUITests.xctest */ = {isa = PBXFileReference; explicitFileType = wrapper.cfbundle; includeInIndex = 0; path = Music_DiagnosisUITests.xctest; sourceTree = BUILT_PRODUCTS_DIR; };
		7D7DE7CC243C57F500717905 /* Music_DiagnosisUITests.swift */ = {isa = PBXFileReference; lastKnownFileType = sourcecode.swift; path = Music_DiagnosisUITests.swift; sourceTree = "<group>"; };
		7D7DE7CE243C57F500717905 /* Info.plist */ = {isa = PBXFileReference; lastKnownFileType = text.plist.xml; path = Info.plist; sourceTree = "<group>"; };
		7D7DE7DB243C5B5200717905 /* start.csv */ = {isa = PBXFileReference; fileEncoding = 4; lastKnownFileType = text; name = start.csv; path = "../../../../Downloads/iPhone-appli_7_2/世界一受けたいiPhoneアプリ開発の授業/Chapter7/素材/csv/start.csv"; sourceTree = "<group>"; };
		7D7DE7DD243C5E1800717905 /* ShindanViewController.swift */ = {isa = PBXFileReference; lastKnownFileType = sourcecode.swift; path = ShindanViewController.swift; sourceTree = "<group>"; };
		7D7DE7DF243C5F9900717905 /* shindan.csv */ = {isa = PBXFileReference; fileEncoding = 4; lastKnownFileType = text; name = shindan.csv; path = ../../../../Downloads/shindan.csv; sourceTree = "<group>"; };
		7D7DE7E1243C654100717905 /* ResultViewController.swift */ = {isa = PBXFileReference; lastKnownFileType = sourcecode.swift; path = ResultViewController.swift; sourceTree = "<group>"; };
		7D7DE7E3243C6A2D00717905 /* result.csv */ = {isa = PBXFileReference; fileEncoding = 4; lastKnownFileType = text; name = result.csv; path = ../../../../Downloads/result.csv; sourceTree = "<group>"; };
/* End PBXFileReference section */

/* Begin PBXFrameworksBuildPhase section */
		7D7DE7A4243C57F400717905 /* Frameworks */ = {
			isa = PBXFrameworksBuildPhase;
			buildActionMask = 2147483647;
			files = (
			);
			runOnlyForDeploymentPostprocessing = 0;
		};
		7D7DE7BA243C57F500717905 /* Frameworks */ = {
			isa = PBXFrameworksBuildPhase;
			buildActionMask = 2147483647;
			files = (
			);
			runOnlyForDeploymentPostprocessing = 0;
		};
		7D7DE7C5243C57F500717905 /* Frameworks */ = {
			isa = PBXFrameworksBuildPhase;
			buildActionMask = 2147483647;
			files = (
			);
			runOnlyForDeploymentPostprocessing = 0;
		};
/* End PBXFrameworksBuildPhase section */

/* Begin PBXGroup section */
		7D7DE79E243C57F400717905 = {
			isa = PBXGroup;
			children = (
				7D7DE7A9243C57F400717905 /* Music_Diagnosis */,
				7D7DE7C0243C57F500717905 /* Music_DiagnosisTests */,
				7D7DE7CB243C57F500717905 /* Music_DiagnosisUITests */,
				7D7DE7A8243C57F400717905 /* Products */,
			);
			sourceTree = "<group>";
		};
		7D7DE7A8243C57F400717905 /* Products */ = {
			isa = PBXGroup;
			children = (
				7D7DE7A7243C57F400717905 /* Music_Diagnosis.app */,
				7D7DE7BD243C57F500717905 /* Music_DiagnosisTests.xctest */,
				7D7DE7C8243C57F500717905 /* Music_DiagnosisUITests.xctest */,
			);
			name = Products;
			sourceTree = "<group>";
		};
		7D7DE7A9243C57F400717905 /* Music_Diagnosis */ = {
			isa = PBXGroup;
			children = (
				7D7DE7AA243C57F400717905 /* AppDelegate.swift */,
				7D7DE7AC243C57F400717905 /* SceneDelegate.swift */,
				7D7DE7AE243C57F400717905 /* ViewController.swift */,
				7D7DE7DD243C5E1800717905 /* ShindanViewController.swift */,
				7D7DE7E1243C654100717905 /* ResultViewController.swift */,
				7D7DE7B0243C57F400717905 /* Main.storyboard */,
				7D7DE7DA243C5ACD00717905 /* csv */,
				7D7DE7B3243C57F500717905 /* Assets.xcassets */,
				7D7DE7B5243C57F500717905 /* LaunchScreen.storyboard */,
				7D7DE7B8243C57F500717905 /* Info.plist */,
			);
			path = Music_Diagnosis;
			sourceTree = "<group>";
		};
		7D7DE7C0243C57F500717905 /* Music_DiagnosisTests */ = {
			isa = PBXGroup;
			children = (
				7D7DE7C1243C57F500717905 /* Music_DiagnosisTests.swift */,
				7D7DE7C3243C57F500717905 /* Info.plist */,
			);
			path = Music_DiagnosisTests;
			sourceTree = "<group>";
		};
		7D7DE7CB243C57F500717905 /* Music_DiagnosisUITests */ = {
			isa = PBXGroup;
			children = (
				7D7DE7CC243C57F500717905 /* Music_DiagnosisUITests.swift */,
				7D7DE7CE243C57F500717905 /* Info.plist */,
			);
			path = Music_DiagnosisUITests;
			sourceTree = "<group>";
		};
		7D7DE7DA243C5ACD00717905 /* csv */ = {
			isa = PBXGroup;
			children = (
				7D7DE7DB243C5B5200717905 /* start.csv */,
				7D7DE7DF243C5F9900717905 /* shindan.csv */,
				7D7DE7E3243C6A2D00717905 /* result.csv */,
			);
			path = csv;
			sourceTree = "<group>";
		};
/* End PBXGroup section */

/* Begin PBXNativeTarget section */
		7D7DE7A6243C57F400717905 /* Music_Diagnosis */ = {
			isa = PBXNativeTarget;
			buildConfigurationList = 7D7DE7D1243C57F500717905 /* Build configuration list for PBXNativeTarget "Music_Diagnosis" */;
			buildPhases = (
				7D7DE7A3243C57F400717905 /* Sources */,
				7D7DE7A4243C57F400717905 /* Frameworks */,
				7D7DE7A5243C57F400717905 /* Resources */,
			);
			buildRules = (
			);
			dependencies = (
			);
			name = Music_Diagnosis;
			productName = Music_Diagnosis;
			productReference = 7D7DE7A7243C57F400717905 /* Music_Diagnosis.app */;
			productType = "com.apple.product-type.application";
		};
		7D7DE7BC243C57F500717905 /* Music_DiagnosisTests */ = {
			isa = PBXNativeTarget;
			buildConfigurationList = 7D7DE7D4243C57F500717905 /* Build configuration list for PBXNativeTarget "Music_DiagnosisTests" */;
			buildPhases = (
				7D7DE7B9243C57F500717905 /* Sources */,
				7D7DE7BA243C57F500717905 /* Frameworks */,
				7D7DE7BB243C57F500717905 /* Resources */,
			);
			buildRules = (
			);
			dependencies = (
				7D7DE7BF243C57F500717905 /* PBXTargetDependency */,
			);
			name = Music_DiagnosisTests;
			productName = Music_DiagnosisTests;
			productReference = 7D7DE7BD243C57F500717905 /* Music_DiagnosisTests.xctest */;
			productType = "com.apple.product-type.bundle.unit-test";
		};
		7D7DE7C7243C57F500717905 /* Music_DiagnosisUITests */ = {
			isa = PBXNativeTarget;
			buildConfigurationList = 7D7DE7D7243C57F500717905 /* Build configuration list for PBXNativeTarget "Music_DiagnosisUITests" */;
			buildPhases = (
				7D7DE7C4243C57F500717905 /* Sources */,
				7D7DE7C5243C57F500717905 /* Frameworks */,
				7D7DE7C6243C57F500717905 /* Resources */,
			);
			buildRules = (
			);
			dependencies = (
				7D7DE7CA243C57F500717905 /* PBXTargetDependency */,
			);
			name = Music_DiagnosisUITests;
			productName = Music_DiagnosisUITests;
			productReference = 7D7DE7C8243C57F500717905 /* Music_DiagnosisUITests.xctest */;
			productType = "com.apple.product-type.bundle.ui-testing";
		};
/* End PBXNativeTarget section */

/* Begin PBXProject section */
		7D7DE79F243C57F400717905 /* Project object */ = {
			isa = PBXProject;
			attributes = {
				LastSwiftUpdateCheck = 1140;
				LastUpgradeCheck = 1140;
				ORGANIZATIONNAME = "Kazutomo Kita";
				TargetAttributes = {
					7D7DE7A6243C57F400717905 = {
						CreatedOnToolsVersion = 11.4;
					};
					7D7DE7BC243C57F500717905 = {
						CreatedOnToolsVersion = 11.4;
						TestTargetID = 7D7DE7A6243C57F400717905;
					};
					7D7DE7C7243C57F500717905 = {
						CreatedOnToolsVersion = 11.4;
						TestTargetID = 7D7DE7A6243C57F400717905;
					};
				};
			};
			buildConfigurationList = 7D7DE7A2243C57F400717905 /* Build configuration list for PBXProject "Music_Diagnosis" */;
			compatibilityVersion = "Xcode 9.3";
			developmentRegion = en;
			hasScannedForEncodings = 0;
			knownRegions = (
				en,
				Base,
			);
			mainGroup = 7D7DE79E243C57F400717905;
			productRefGroup = 7D7DE7A8243C57F400717905 /* Products */;
			projectDirPath = "";
			projectRoot = "";
			targets = (
				7D7DE7A6243C57F400717905 /* Music_Diagnosis */,
				7D7DE7BC243C57F500717905 /* Music_DiagnosisTests */,
				7D7DE7C7243C57F500717905 /* Music_DiagnosisUITests */,
			);
		};
/* End PBXProject section */

/* Begin PBXResourcesBuildPhase section */
		7D7DE7A5243C57F400717905 /* Resources */ = {
			isa = PBXResourcesBuildPhase;
			buildActionMask = 2147483647;
			files = (
				7D7DE7B7243C57F500717905 /* LaunchScreen.storyboard in Resources */,
				7D7DE7DC243C5B5200717905 /* start.csv in Resources */,
				7D7DE7B4243C57F500717905 /* Assets.xcassets in Resources */,
				7D7DE7E0243C5F9900717905 /* shindan.csv in Resources */,
				7D7DE7B2243C57F400717905 /* Main.storyboard in Resources */,
				7D7DE7E4243C6A2D00717905 /* result.csv in Resources */,
			);
			runOnlyForDeploymentPostprocessing = 0;
		};
		7D7DE7BB243C57F500717905 /* Resources */ = {
			isa = PBXResourcesBuildPhase;
			buildActionMask = 2147483647;
			files = (
			);
			runOnlyForDeploymentPostprocessing = 0;
		};
		7D7DE7C6243C57F500717905 /* Resources */ = {
			isa = PBXResourcesBuildPhase;
			buildActionMask = 2147483647;
			files = (
			);
			runOnlyForDeploymentPostprocessing = 0;
		};
/* End PBXResourcesBuildPhase section */

/* Begin PBXSourcesBuildPhase section */
		7D7DE7A3243C57F400717905 /* Sources */ = {
			isa = PBXSourcesBuildPhase;
			buildActionMask = 2147483647;
			files = (
				7D7DE7E2243C654100717905 /* ResultViewController.swift in Sources */,
				7D7DE7AF243C57F400717905 /* ViewController.swift in Sources */,
				7D7DE7AB243C57F400717905 /* AppDelegate.swift in Sources */,
				7D7DE7DE243C5E1800717905 /* ShindanViewController.swift in Sources */,
				7D7DE7AD243C57F400717905 /* SceneDelegate.swift in Sources */,
			);
			runOnlyForDeploymentPostprocessing = 0;
		};
		7D7DE7B9243C57F500717905 /* Sources */ = {
			isa = PBXSourcesBuildPhase;
			buildActionMask = 2147483647;
			files = (
				7D7DE7C2243C57F500717905 /* Music_DiagnosisTests.swift in Sources */,
			);
			runOnlyForDeploymentPostprocessing = 0;
		};
		7D7DE7C4243C57F500717905 /* Sources */ = {
			isa = PBXSourcesBuildPhase;
			buildActionMask = 2147483647;
			files = (
				7D7DE7CD243C57F500717905 /* Music_DiagnosisUITests.swift in Sources */,
			);
			runOnlyForDeploymentPostprocessing = 0;
		};
/* End PBXSourcesBuildPhase section */

/* Begin PBXTargetDependency section */
		7D7DE7BF243C57F500717905 /* PBXTargetDependency */ = {
			isa = PBXTargetDependency;
			target = 7D7DE7A6243C57F400717905 /* Music_Diagnosis */;
			targetProxy = 7D7DE7BE243C57F500717905 /* PBXContainerItemProxy */;
		};
		7D7DE7CA243C57F500717905 /* PBXTargetDependency */ = {
			isa = PBXTargetDependency;
			target = 7D7DE7A6243C57F400717905 /* Music_Diagnosis */;
			targetProxy = 7D7DE7C9243C57F500717905 /* PBXContainerItemProxy */;
		};
/* End PBXTargetDependency section */

/* Begin PBXVariantGroup section */
		7D7DE7B0243C57F400717905 /* Main.storyboard */ = {
			isa = PBXVariantGroup;
			children = (
				7D7DE7B1243C57F400717905 /* Base */,
			);
			name = Main.storyboard;
			sourceTree = "<group>";
		};
		7D7DE7B5243C57F500717905 /* LaunchScreen.storyboard */ = {
			isa = PBXVariantGroup;
			children = (
				7D7DE7B6243C57F500717905 /* Base */,
			);
			name = LaunchScreen.storyboard;
			sourceTree = "<group>";
		};
/* End PBXVariantGroup section */

/* Begin XCBuildConfiguration section */
		7D7DE7CF243C57F500717905 /* Debug */ = {
			isa = XCBuildConfiguration;
			buildSettings = {
				ALWAYS_SEARCH_USER_PATHS = NO;
				CLANG_ANALYZER_NONNULL = YES;
				CLANG_ANALYZER_NUMBER_OBJECT_CONVERSION = YES_AGGRESSIVE;
				CLANG_CXX_LANGUAGE_STANDARD = "gnu++14";
				CLANG_CXX_LIBRARY = "libc++";
				CLANG_ENABLE_MODULES = YES;
				CLANG_ENABLE_OBJC_ARC = YES;
				CLANG_ENABLE_OBJC_WEAK = YES;
				CLANG_WARN_BLOCK_CAPTURE_AUTORELEASING = YES;
				CLANG_WARN_BOOL_CONVERSION = YES;
				CLANG_WARN_COMMA = YES;
				CLANG_WARN_CONSTANT_CONVERSION = YES;
				CLANG_WARN_DEPRECATED_OBJC_IMPLEMENTATIONS = YES;
				CLANG_WARN_DIRECT_OBJC_ISA_USAGE = YES_ERROR;
				CLANG_WARN_DOCUMENTATION_COMMENTS = YES;
				CLANG_WARN_EMPTY_BODY = YES;
				CLANG_WARN_ENUM_CONVERSION = YES;
				CLANG_WARN_INFINITE_RECURSION = YES;
				CLANG_WARN_INT_CONVERSION = YES;
				CLANG_WARN_NON_LITERAL_NULL_CONVERSION = YES;
				CLANG_WARN_OBJC_IMPLICIT_RETAIN_SELF = YES;
				CLANG_WARN_OBJC_LITERAL_CONVERSION = YES;
				CLANG_WARN_OBJC_ROOT_CLASS = YES_ERROR;
				CLANG_WARN_RANGE_LOOP_ANALYSIS = YES;
				CLANG_WARN_STRICT_PROTOTYPES = YES;
				CLANG_WARN_SUSPICIOUS_MOVE = YES;
				CLANG_WARN_UNGUARDED_AVAILABILITY = YES_AGGRESSIVE;
				CLANG_WARN_UNREACHABLE_CODE = YES;
				CLANG_WARN__DUPLICATE_METHOD_MATCH = YES;
				COPY_PHASE_STRIP = NO;
				DEBUG_INFORMATION_FORMAT = dwarf;
				ENABLE_STRICT_OBJC_MSGSEND = YES;
				ENABLE_TESTABILITY = YES;
				GCC_C_LANGUAGE_STANDARD = gnu11;
				GCC_DYNAMIC_NO_PIC = NO;
				GCC_NO_COMMON_BLOCKS = YES;
				GCC_OPTIMIZATION_LEVEL = 0;
				GCC_PREPROCESSOR_DEFINITIONS = (
					"DEBUG=1",
					"$(inherited)",
				);
				GCC_WARN_64_TO_32_BIT_CONVERSION = YES;
				GCC_WARN_ABOUT_RETURN_TYPE = YES_ERROR;
				GCC_WARN_UNDECLARED_SELECTOR = YES;
				GCC_WARN_UNINITIALIZED_AUTOS = YES_AGGRESSIVE;
				GCC_WARN_UNUSED_FUNCTION = YES;
				GCC_WARN_UNUSED_VARIABLE = YES;
				IPHONEOS_DEPLOYMENT_TARGET = 13.4;
				MTL_ENABLE_DEBUG_INFO = INCLUDE_SOURCE;
				MTL_FAST_MATH = YES;
				ONLY_ACTIVE_ARCH = YES;
				SDKROOT = iphoneos;
				SWIFT_ACTIVE_COMPILATION_CONDITIONS = DEBUG;
				SWIFT_OPTIMIZATION_LEVEL = "-Onone";
			};
			name = Debug;
		};
		7D7DE7D0243C57F500717905 /* Release */ = {
			isa = XCBuildConfiguration;
			buildSettings = {
				ALWAYS_SEARCH_USER_PATHS = NO;
				CLANG_ANALYZER_NONNULL = YES;
				CLANG_ANALYZER_NUMBER_OBJECT_CONVERSION = YES_AGGRESSIVE;
				CLANG_CXX_LANGUAGE_STANDARD = "gnu++14";
				CLANG_CXX_LIBRARY = "libc++";
				CLANG_ENABLE_MODULES = YES;
				CLANG_ENABLE_OBJC_ARC = YES;
				CLANG_ENABLE_OBJC_WEAK = YES;
				CLANG_WARN_BLOCK_CAPTURE_AUTORELEASING = YES;
				CLANG_WARN_BOOL_CONVERSION = YES;
				CLANG_WARN_COMMA = YES;
				CLANG_WARN_CONSTANT_CONVERSION = YES;
				CLANG_WARN_DEPRECATED_OBJC_IMPLEMENTATIONS = YES;
				CLANG_WARN_DIRECT_OBJC_ISA_USAGE = YES_ERROR;
				CLANG_WARN_DOCUMENTATION_COMMENTS = YES;
				CLANG_WARN_EMPTY_BODY = YES;
				CLANG_WARN_ENUM_CONVERSION = YES;
				CLANG_WARN_INFINITE_RECURSION = YES;
				CLANG_WARN_INT_CONVERSION = YES;
				CLANG_WARN_NON_LITERAL_NULL_CONVERSION = YES;
				CLANG_WARN_OBJC_IMPLICIT_RETAIN_SELF = YES;
				CLANG_WARN_OBJC_LITERAL_CONVERSION = YES;
				CLANG_WARN_OBJC_ROOT_CLASS = YES_ERROR;
				CLANG_WARN_RANGE_LOOP_ANALYSIS = YES;
				CLANG_WARN_STRICT_PROTOTYPES = YES;
				CLANG_WARN_SUSPICIOUS_MOVE = YES;
				CLANG_WARN_UNGUARDED_AVAILABILITY = YES_AGGRESSIVE;
				CLANG_WARN_UNREACHABLE_CODE = YES;
				CLANG_WARN__DUPLICATE_METHOD_MATCH = YES;
				COPY_PHASE_STRIP = NO;
				DEBUG_INFORMATION_FORMAT = "dwarf-with-dsym";
				ENABLE_NS_ASSERTIONS = NO;
				ENABLE_STRICT_OBJC_MSGSEND = YES;
				GCC_C_LANGUAGE_STANDARD = gnu11;
				GCC_NO_COMMON_BLOCKS = YES;
				GCC_WARN_64_TO_32_BIT_CONVERSION = YES;
				GCC_WARN_ABOUT_RETURN_TYPE = YES_ERROR;
				GCC_WARN_UNDECLARED_SELECTOR = YES;
				GCC_WARN_UNINITIALIZED_AUTOS = YES_AGGRESSIVE;
				GCC_WARN_UNUSED_FUNCTION = YES;
				GCC_WARN_UNUSED_VARIABLE = YES;
				IPHONEOS_DEPLOYMENT_TARGET = 13.4;
				MTL_ENABLE_DEBUG_INFO = NO;
				MTL_FAST_MATH = YES;
				SDKROOT = iphoneos;
				SWIFT_COMPILATION_MODE = wholemodule;
				SWIFT_OPTIMIZATION_LEVEL = "-O";
				VALIDATE_PRODUCT = YES;
			};
			name = Release;
		};
		7D7DE7D2243C57F500717905 /* Debug */ = {
			isa = XCBuildConfiguration;
			buildSettings = {
				ASSETCATALOG_COMPILER_APPICON_NAME = AppIcon;
				CODE_SIGN_STYLE = Automatic;
				INFOPLIST_FILE = Music_Diagnosis/Info.plist;
				LD_RUNPATH_SEARCH_PATHS = (
					"$(inherited)",
					"@executable_path/Frameworks",
				);
				PRODUCT_BUNDLE_IDENTIFIER = "kitak.Music-Diagnosis";
				PRODUCT_NAME = "$(TARGET_NAME)";
				SWIFT_VERSION = 5.0;
				TARGETED_DEVICE_FAMILY = "1,2";
			};
			name = Debug;
		};
		7D7DE7D3243C57F500717905 /* Release */ = {
			isa = XCBuildConfiguration;
			buildSettings = {
				ASSETCATALOG_COMPILER_APPICON_NAME = AppIcon;
				CODE_SIGN_STYLE = Automatic;
				INFOPLIST_FILE = Music_Diagnosis/Info.plist;
				LD_RUNPATH_SEARCH_PATHS = (
					"$(inherited)",
					"@executable_path/Frameworks",
				);
				PRODUCT_BUNDLE_IDENTIFIER = "kitak.Music-Diagnosis";
				PRODUCT_NAME = "$(TARGET_NAME)";
				SWIFT_VERSION = 5.0;
				TARGETED_DEVICE_FAMILY = "1,2";
			};
			name = Release;
		};
		7D7DE7D5243C57F500717905 /* Debug */ = {
			isa = XCBuildConfiguration;
			buildSettings = {
				ALWAYS_EMBED_SWIFT_STANDARD_LIBRARIES = YES;
				BUNDLE_LOADER = "$(TEST_HOST)";
				CODE_SIGN_STYLE = Automatic;
				INFOPLIST_FILE = Music_DiagnosisTests/Info.plist;
				IPHONEOS_DEPLOYMENT_TARGET = 13.4;
				LD_RUNPATH_SEARCH_PATHS = (
					"$(inherited)",
					"@executable_path/Frameworks",
					"@loader_path/Frameworks",
				);
				PRODUCT_BUNDLE_IDENTIFIER = "kitak.Music-DiagnosisTests";
				PRODUCT_NAME = "$(TARGET_NAME)";
				SWIFT_VERSION = 5.0;
				TARGETED_DEVICE_FAMILY = "1,2";
				TEST_HOST = "$(BUILT_PRODUCTS_DIR)/Music_Diagnosis.app/Music_Diagnosis";
			};
			name = Debug;
		};
		7D7DE7D6243C57F500717905 /* Release */ = {
			isa = XCBuildConfiguration;
			buildSettings = {
				ALWAYS_EMBED_SWIFT_STANDARD_LIBRARIES = YES;
				BUNDLE_LOADER = "$(TEST_HOST)";
				CODE_SIGN_STYLE = Automatic;
				INFOPLIST_FILE = Music_DiagnosisTests/Info.plist;
				IPHONEOS_DEPLOYMENT_TARGET = 13.4;
				LD_RUNPATH_SEARCH_PATHS = (
					"$(inherited)",
					"@executable_path/Frameworks",
					"@loader_path/Frameworks",
				);
				PRODUCT_BUNDLE_IDENTIFIER = "kitak.Music-DiagnosisTests";
				PRODUCT_NAME = "$(TARGET_NAME)";
				SWIFT_VERSION = 5.0;
				TARGETED_DEVICE_FAMILY = "1,2";
				TEST_HOST = "$(BUILT_PRODUCTS_DIR)/Music_Diagnosis.app/Music_Diagnosis";
			};
			name = Release;
		};
		7D7DE7D8243C57F500717905 /* Debug */ = {
			isa = XCBuildConfiguration;
			buildSettings = {
				ALWAYS_EMBED_SWIFT_STANDARD_LIBRARIES = YES;
				CODE_SIGN_STYLE = Automatic;
				INFOPLIST_FILE = Music_DiagnosisUITests/Info.plist;
				LD_RUNPATH_SEARCH_PATHS = (
					"$(inherited)",
					"@executable_path/Frameworks",
					"@loader_path/Frameworks",
				);
				PRODUCT_BUNDLE_IDENTIFIER = "kitak.Music-DiagnosisUITests";
				PRODUCT_NAME = "$(TARGET_NAME)";
				SWIFT_VERSION = 5.0;
				TARGETED_DEVICE_FAMILY = "1,2";
				TEST_TARGET_NAME = Music_Diagnosis;
			};
			name = Debug;
		};
		7D7DE7D9243C57F500717905 /* Release */ = {
			isa = XCBuildConfiguration;
			buildSettings = {
				ALWAYS_EMBED_SWIFT_STANDARD_LIBRARIES = YES;
				CODE_SIGN_STYLE = Automatic;
				INFOPLIST_FILE = Music_DiagnosisUITests/Info.plist;
				LD_RUNPATH_SEARCH_PATHS = (
					"$(inherited)",
					"@executable_path/Frameworks",
					"@loader_path/Frameworks",
				);
				PRODUCT_BUNDLE_IDENTIFIER = "kitak.Music-DiagnosisUITests";
				PRODUCT_NAME = "$(TARGET_NAME)";
				SWIFT_VERSION = 5.0;
				TARGETED_DEVICE_FAMILY = "1,2";
				TEST_TARGET_NAME = Music_Diagnosis;
			};
			name = Release;
		};
/* End XCBuildConfiguration section */

/* Begin XCConfigurationList section */
		7D7DE7A2243C57F400717905 /* Build configuration list for PBXProject "Music_Diagnosis" */ = {
			isa = XCConfigurationList;
			buildConfigurations = (
				7D7DE7CF243C57F500717905 /* Debug */,
				7D7DE7D0243C57F500717905 /* Release */,
			);
			defaultConfigurationIsVisible = 0;
			defaultConfigurationName = Release;
		};
		7D7DE7D1243C57F500717905 /* Build configuration list for PBXNativeTarget "Music_Diagnosis" */ = {
			isa = XCConfigurationList;
			buildConfigurations = (
				7D7DE7D2243C57F500717905 /* Debug */,
				7D7DE7D3243C57F500717905 /* Release */,
			);
			defaultConfigurationIsVisible = 0;
			defaultConfigurationName = Release;
		};
		7D7DE7D4243C57F500717905 /* Build configuration list for PBXNativeTarget "Music_DiagnosisTests" */ = {
			isa = XCConfigurationList;
			buildConfigurations = (
				7D7DE7D5243C57F500717905 /* Debug */,
				7D7DE7D6243C57F500717905 /* Release */,
			);
			defaultConfigurationIsVisible = 0;
			defaultConfigurationName = Release;
		};
		7D7DE7D7243C57F500717905 /* Build configuration list for PBXNativeTarget "Music_DiagnosisUITests" */ = {
			isa = XCConfigurationList;
			buildConfigurations = (
				7D7DE7D8243C57F500717905 /* Debug */,
				7D7DE7D9243C57F500717905 /* Release */,
			);
			defaultConfigurationIsVisible = 0;
			defaultConfigurationName = Release;
		};
/* End XCConfigurationList section */
	};
	rootObject = 7D7DE79F243C57F400717905 /* Project object */;
}
